
Microsoft Visual Studio Solution File, Format Version 12.00
# Visual Studio Version 17
VisualStudioVersion = 17.0.32014.148
MinimumVisualStudioVersion = 10.0.40219.1
Project("{2150E333-8FDC-42A3-9474-1A3956D46DE8}") = "src", "src", "{755B5DCB-A3E7-43FB-A17E-09F2B70EA09D}"
EndProject
Project("{9A19103F-16F7-4668-BE54-9A1E7A4F7556}") = "NonJobEvent", "src\NonJobEvent\NonJobEvent.csproj", "{AB863742-49E5-4586-954C-2D2A34E02CA7}"
EndProject
Project("{9A19103F-16F7-4668-BE54-9A1E7A4F7556}") = "NonJobEvent.Presentation", "src\NonJobAppointment.WebApi\NonJobEvent.Presentation.csproj", "{22D02A69-161E-402D-8641-851350A935F5}"
EndProject
Project("{9A19103F-16F7-4668-BE54-9A1E7A4F7556}") = "NonJobEvent.Domain", "src\NonJobEvent.Domain\NonJobEvent.Domain.csproj", "{A23B687E-96C7-4F64-99B4-F20342F43314}"
EndProject
Project("{9A19103F-16F7-4668-BE54-9A1E7A4F7556}") = "NonJobEvent.Common", "src\NonJobEvent.Common\NonJobEvent.Common.csproj", "{931CFB3E-1F1E-4353-91B2-E5BF086AF7EC}"
EndProject
Project("{9A19103F-16F7-4668-BE54-9A1E7A4F7556}") = "NonJobEvent.Application", "src\NonJobEvent.Application\NonJobEvent.Application.csproj", "{5228B100-2585-4DAC-B0A1-DF59F7CE84A2}"
EndProject
Project("{9A19103F-16F7-4668-BE54-9A1E7A4F7556}") = "NonJobEvent.Presenation.Api", "src\NonJobEvent.Presenation.Api\NonJobEvent.Presenation.Api.csproj", "{C575439F-68DB-4FAD-BCB5-62B763B17576}"
EndProject
Global
	GlobalSection(SolutionConfigurationPlatforms) = preSolution
		Debug|Any CPU = Debug|Any CPU
		Release|Any CPU = Release|Any CPU
	EndGlobalSection
	GlobalSection(ProjectConfigurationPlatforms) = postSolution
		{AB863742-49E5-4586-954C-2D2A34E02CA7}.Debug|Any CPU.ActiveCfg = Debug|Any CPU
		{AB863742-49E5-4586-954C-2D2A34E02CA7}.Debug|Any CPU.Build.0 = Debug|Any CPU
		{AB863742-49E5-4586-954C-2D2A34E02CA7}.Release|Any CPU.ActiveCfg = Release|Any CPU
		{AB863742-49E5-4586-954C-2D2A34E02CA7}.Release|Any CPU.Build.0 = Release|Any CPU
		{22D02A69-161E-402D-8641-851350A935F5}.Debug|Any CPU.ActiveCfg = Debug|Any CPU
		{22D02A69-161E-402D-8641-851350A935F5}.Debug|Any CPU.Build.0 = Debug|Any CPU
		{22D02A69-161E-402D-8641-851350A935F5}.Release|Any CPU.ActiveCfg = Release|Any CPU
		{22D02A69-161E-402D-8641-851350A935F5}.Release|Any CPU.Build.0 = Release|Any CPU
		{A23B687E-96C7-4F64-99B4-F20342F43314}.Debug|Any CPU.ActiveCfg = Debug|Any CPU
		{A23B687E-96C7-4F64-99B4-F20342F43314}.Debug|Any CPU.Build.0 = Debug|Any CPU
		{A23B687E-96C7-4F64-99B4-F20342F43314}.Release|Any CPU.ActiveCfg = Release|Any CPU
		{A23B687E-96C7-4F64-99B4-F20342F43314}.Release|Any CPU.Build.0 = Release|Any CPU
		{931CFB3E-1F1E-4353-91B2-E5BF086AF7EC}.Debug|Any CPU.ActiveCfg = Debug|Any CPU
		{931CFB3E-1F1E-4353-91B2-E5BF086AF7EC}.Debug|Any CPU.Build.0 = Debug|Any CPU
		{931CFB3E-1F1E-4353-91B2-E5BF086AF7EC}.Release|Any CPU.ActiveCfg = Release|Any CPU
		{931CFB3E-1F1E-4353-91B2-E5BF086AF7EC}.Release|Any CPU.Build.0 = Release|Any CPU
		{5228B100-2585-4DAC-B0A1-DF59F7CE84A2}.Debug|Any CPU.ActiveCfg = Debug|Any CPU
		{5228B100-2585-4DAC-B0A1-DF59F7CE84A2}.Debug|Any CPU.Build.0 = Debug|Any CPU
		{5228B100-2585-4DAC-B0A1-DF59F7CE84A2}.Release|Any CPU.ActiveCfg = Release|Any CPU
		{5228B100-2585-4DAC-B0A1-DF59F7CE84A2}.Release|Any CPU.Build.0 = Release|Any CPU
		{C575439F-68DB-4FAD-BCB5-62B763B17576}.Debug|Any CPU.ActiveCfg = Debug|Any CPU
		{C575439F-68DB-4FAD-BCB5-62B763B17576}.Debug|Any CPU.Build.0 = Debug|Any CPU
		{C575439F-68DB-4FAD-BCB5-62B763B17576}.Release|Any CPU.ActiveCfg = Release|Any CPU
		{C575439F-68DB-4FAD-BCB5-62B763B17576}.Release|Any CPU.Build.0 = Release|Any CPU
	EndGlobalSection
	GlobalSection(SolutionProperties) = preSolution
		HideSolutionNode = FALSE
	EndGlobalSection
	GlobalSection(NestedProjects) = preSolution
		{AB863742-49E5-4586-954C-2D2A34E02CA7} = {755B5DCB-A3E7-43FB-A17E-09F2B70EA09D}
		{22D02A69-161E-402D-8641-851350A935F5} = {755B5DCB-A3E7-43FB-A17E-09F2B70EA09D}
		{A23B687E-96C7-4F64-99B4-F20342F43314} = {755B5DCB-A3E7-43FB-A17E-09F2B70EA09D}
		{931CFB3E-1F1E-4353-91B2-E5BF086AF7EC} = {755B5DCB-A3E7-43FB-A17E-09F2B70EA09D}
		{5228B100-2585-4DAC-B0A1-DF59F7CE84A2} = {755B5DCB-A3E7-43FB-A17E-09F2B70EA09D}
		{C575439F-68DB-4FAD-BCB5-62B763B17576} = {755B5DCB-A3E7-43FB-A17E-09F2B70EA09D}
	EndGlobalSection
	GlobalSection(ExtensibilityGlobals) = postSolution
		SolutionGuid = {EA17C3D3-F22B-447A-809F-DB4B8B75F164}
	EndGlobalSection
EndGlobal
